
Microsoft Visual Studio Solution File, Format Version 12.00
# Visual Studio 15
VisualStudioVersion = 15.0.28307.645
MinimumVisualStudioVersion = 10.0.40219.1
Project("{9A19103F-16F7-4668-BE54-9A1E7A4F7556}") = "Ground", "Ground\Ground.csproj", "{F59BF0B2-AF2C-4BB4-97D1-B7585817F06F}"
EndProject
Project("{9A19103F-16F7-4668-BE54-9A1E7A4F7556}") = "GaoCore", "GaoCore\GaoCore.csproj", "{9890C47A-96CB-448F-90EF-82D98D5C54E0}"
EndProject
Project("{9A19103F-16F7-4668-BE54-9A1E7A4F7556}") = "Gao", "Gao\Gao.csproj", "{FE2A8966-23FC-4D91-AC5C-ACDA2553D1BF}"
EndProject
Project("{FAE04EC0-301F-11D3-BF4B-00C04F79EFBC}") = "GAOSelectBom", "GAOSelectBom\GAOSelectBom.csproj", "{C2B858B4-E922-4D78-82F9-F79E8FC20B18}"
EndProject
Global
	GlobalSection(SolutionConfigurationPlatforms) = preSolution
		Debug|Any CPU = Debug|Any CPU
		Release|Any CPU = Release|Any CPU
	EndGlobalSection
	GlobalSection(ProjectConfigurationPlatforms) = postSolution
		{F59BF0B2-AF2C-4BB4-97D1-B7585817F06F}.Debug|Any CPU.ActiveCfg = Debug|Any CPU
		{F59BF0B2-AF2C-4BB4-97D1-B7585817F06F}.Debug|Any CPU.Build.0 = Debug|Any CPU
		{F59BF0B2-AF2C-4BB4-97D1-B7585817F06F}.Release|Any CPU.ActiveCfg = Release|Any CPU
		{F59BF0B2-AF2C-4BB4-97D1-B7585817F06F}.Release|Any CPU.Build.0 = Release|Any CPU
		{9890C47A-96CB-448F-90EF-82D98D5C54E0}.Debug|Any CPU.ActiveCfg = Debug|Any CPU
		{9890C47A-96CB-448F-90EF-82D98D5C54E0}.Debug|Any CPU.Build.0 = Debug|Any CPU
		{9890C47A-96CB-448F-90EF-82D98D5C54E0}.Release|Any CPU.ActiveCfg = Release|Any CPU
		{9890C47A-96CB-448F-90EF-82D98D5C54E0}.Release|Any CPU.Build.0 = Release|Any CPU
		{FE2A8966-23FC-4D91-AC5C-ACDA2553D1BF}.Debug|Any CPU.ActiveCfg = Debug|Any CPU
		{FE2A8966-23FC-4D91-AC5C-ACDA2553D1BF}.Debug|Any CPU.Build.0 = Debug|Any CPU
		{FE2A8966-23FC-4D91-AC5C-ACDA2553D1BF}.Release|Any CPU.ActiveCfg = Release|Any CPU
		{FE2A8966-23FC-4D91-AC5C-ACDA2553D1BF}.Release|Any CPU.Build.0 = Release|Any CPU
		{C2B858B4-E922-4D78-82F9-F79E8FC20B18}.Debug|Any CPU.ActiveCfg = Debug|Any CPU
		{C2B858B4-E922-4D78-82F9-F79E8FC20B18}.Debug|Any CPU.Build.0 = Debug|Any CPU
		{C2B858B4-E922-4D78-82F9-F79E8FC20B18}.Release|Any CPU.ActiveCfg = Release|Any CPU
		{C2B858B4-E922-4D78-82F9-F79E8FC20B18}.Release|Any CPU.Build.0 = Release|Any CPU
	EndGlobalSection
	GlobalSection(SolutionProperties) = preSolution
		HideSolutionNode = FALSE
	EndGlobalSection
	GlobalSection(ExtensibilityGlobals) = postSolution
		SolutionGuid = {74E69FC2-4793-41A4-914A-0CE90D81E59E}
	EndGlobalSection
EndGlobal
