
Microsoft Visual Studio Solution File, Format Version 12.00
# Visual Studio 15
VisualStudioVersion = 15.0.28307.645
MinimumVisualStudioVersion = 10.0.40219.1
Project("{FAE04EC0-301F-11D3-BF4B-00C04F79EFBC}") = "GAOWebAPI", "GAOWebAPI\GAOWebAPI.csproj", "{BF376DA2-45B4-4421-BC33-DBCA857949BA}"
EndProject
Global
	GlobalSection(SolutionConfigurationPlatforms) = preSolution
		Debug|Any CPU = Debug|Any CPU
		Release|Any CPU = Release|Any CPU
	EndGlobalSection
	GlobalSection(ProjectConfigurationPlatforms) = postSolution
		{BF376DA2-45B4-4421-BC33-DBCA857949BA}.Debug|Any CPU.ActiveCfg = Debug|Any CPU
		{BF376DA2-45B4-4421-BC33-DBCA857949BA}.Debug|Any CPU.Build.0 = Debug|Any CPU
		{BF376DA2-45B4-4421-BC33-DBCA857949BA}.Release|Any CPU.ActiveCfg = Release|Any CPU
		{BF376DA2-45B4-4421-BC33-DBCA857949BA}.Release|Any CPU.Build.0 = Release|Any CPU
	EndGlobalSection
	GlobalSection(SolutionProperties) = preSolution
		HideSolutionNode = FALSE
	EndGlobalSection
	GlobalSection(ExtensibilityGlobals) = postSolution
		SolutionGuid = {E2ECA35D-92A4-47BD-A93E-C2AD2FF5DED0}
	EndGlobalSection
EndGlobal
